{
  "name": "test-project",
  "lockfileVersion": 3,
  "packages": {
    "": {
      "name": "test-project",
      "version": "1.0.0"
    },
    "node_modules/harmless-lib": {
      "version": "2.1.0",
      "hasInstallScript": false
    },
    "node_modules/evil-miner": {
      "version": "6.6.6",
      "hasInstallScript": true
    }
  }
}
